# This file is autogenerated, do not edit; changes may be undone by the next 'dep ensure'.


[[projects]]
  name = "github.com/Jeffail/gabs"
  packages = ["."]
  revision = "235106e63529b2743d680b351fa2677fd496ce1e"

[[projects]]
  name = "github.com/RackSec/srslog"
  packages = ["."]
  revision = "a974ba6f7fb527d2ddc73ee9c05d3e2ccc0af0dc"

[[projects]]
  name = "github.com/Shopify/sarama"
  packages = ["."]
  revision = "0fb560e5f7fbcaee2f75e3c34174320709f69944"
  version = "v1.11.0"

[[projects]]
  name = "github.com/bsm/sarama-cluster"
  packages = ["."]
  revision = "df980564b667f0249fd942d84b85f34274edb307"
  version = "v2.1.5"

[[projects]]
  name = "github.com/buger/jsonparser"
  packages = ["."]
  revision = "2879cc8050aa617d3f965cf743d65a3d1ec9d1dd"

[[projects]]
  name = "github.com/davecgh/go-spew"
  packages = ["spew"]
  revision = "346938d642f2ec3594ed81d874461961cd0faa76"
  version = "v1.1.0"

[[projects]]
  name = "github.com/eapache/go-resiliency"
  packages = ["breaker"]
  revision = "b86b1ec0dd4209a588dc1285cdd471e73525c0b3"

[[projects]]
  branch = "master"
  name = "github.com/eapache/go-xerial-snappy"
  packages = ["."]
  revision = "bb955e01b9346ac19dc29eb16586c90ded99a98c"

[[projects]]
  name = "github.com/eapache/queue"
  packages = ["."]
  revision = "44cc805cf13205b55f69e14bcb69867d1ae92f98"
  version = "v1.1.0"

[[projects]]
  name = "github.com/golang/snappy"
  packages = ["."]
  revision = "7db9049039a047d955fe8c19b83c8ff5abd765c7"

[[projects]]
  name = "github.com/klauspost/crc32"
  packages = ["."]
  revision = "cb6bfca970f6908083f26f39a79009d608efd5cd"
  version = "v1.1"

[[projects]]
  name = "github.com/pierrec/lz4"
  packages = ["."]
  revision = "5c9560bfa9ace2bf86080bf40d46b34ae44604df"
  version = "v1.0"

[[projects]]
  name = "github.com/pierrec/xxHash"
  packages = ["xxHash32"]
  revision = "5a004441f897722c627870a981d02b29924215fa"

[[projects]]
  name = "github.com/pmezard/go-difflib"
  packages = ["difflib"]
  revision = "792786c7400a136282c1664665ae0a8db921c6c2"
  version = "v1.0.0"

[[projects]]
  name = "github.com/rcrowley/go-metrics"
  packages = ["."]
  revision = "1f30fe9094a513ce4c700b9a54458bbb0c96996c"

[[projects]]
  name = "github.com/satori/go.uuid"
  packages = ["."]
  revision = "b061729afc07e77a8aa4fad0a2fd840958f1942a"

[[projects]]
  name = "github.com/stretchr/testify"
  packages = ["assert"]
  revision = "8d64eb7173c7753d6419fd4a9caf057398611364"

[[projects]]
  name = "github.com/urfave/cli"
  packages = ["."]
  revision = "f1be59ff3d239f0942b201619030d302bce912cc"

[[projects]]
  name = "golang.org/x/net"
  packages = ["context","context/ctxhttp"]
  revision = "f2499483f923065a842d38eb4c7f1927e6fc6e6d"

[[projects]]
  name = "gopkg.in/olivere/elastic.v3"
  packages = [".","backoff","uritemplates"]
  revision = "96b262cf1d25006d71bd495fd99b590493cff29e"
  version = "v3.0.62"

[solve-meta]
  analyzer-name = "dep"
  analyzer-version = 1
  inputs-digest = "0a09507f5c4a04cfa2d2805e0b77e0ff1ed571208fc79ea60366952bbe54006f"
  solver-name = "gps-cdcl"
  solver-version = 1
